// !$*UTF8*$!
{
	archiveVersion = 1;
	classes = {
	};
	objectVersion = 56;
	objects = {

/* Begin PBXBuildFile section */
		A106B42829C9DB9900DE74D8 /* FactoryDPApp.swift in Sources */ = {isa = PBXBuildFile; fileRef = A106B42729C9DB9900DE74D8 /* FactoryDPApp.swift */; };
		A106B42A29C9DB9900DE74D8 /* ContentView.swift in Sources */ = {isa = PBXBuildFile; fileRef = A106B42929C9DB9900DE74D8 /* ContentView.swift */; };
		A106B42C29C9DB9A00DE74D8 /* Assets.xcassets in Resources */ = {isa = PBXBuildFile; fileRef = A106B42B29C9DB9A00DE74D8 /* Assets.xcassets */; };
		A106B42F29C9DB9A00DE74D8 /* Preview Assets.xcassets in Resources */ = {isa = PBXBuildFile; fileRef = A106B42E29C9DB9A00DE74D8 /* Preview Assets.xcassets */; };
		A106B43629C9DC7300DE74D8 /* Protocol.swift in Sources */ = {isa = PBXBuildFile; fileRef = A106B43529C9DC7300DE74D8 /* Protocol.swift */; };
		A106B43829C9DC9300DE74D8 /* Book.swift in Sources */ = {isa = PBXBuildFile; fileRef = A106B43729C9DC9300DE74D8 /* Book.swift */; };
		A106B43A29C9DCA300DE74D8 /* Clothing.swift in Sources */ = {isa = PBXBuildFile; fileRef = A106B43929C9DCA300DE74D8 /* Clothing.swift */; };
		A106B43C29C9DCAC00DE74D8 /* Electronics.swift in Sources */ = {isa = PBXBuildFile; fileRef = A106B43B29C9DCAC00DE74D8 /* Electronics.swift */; };
		A106B43E29C9DCDE00DE74D8 /* ProductFactory.swift in Sources */ = {isa = PBXBuildFile; fileRef = A106B43D29C9DCDE00DE74D8 /* ProductFactory.swift */; };
		A106B44029C9DD0800DE74D8 /* enum.swift in Sources */ = {isa = PBXBuildFile; fileRef = A106B43F29C9DD0800DE74D8 /* enum.swift */; };
/* End PBXBuildFile section */

/* Begin PBXFileReference section */
		A106B42429C9DB9900DE74D8 /* FactoryDP.app */ = {isa = PBXFileReference; explicitFileType = wrapper.application; includeInIndex = 0; path = FactoryDP.app; sourceTree = BUILT_PRODUCTS_DIR; };
		A106B42729C9DB9900DE74D8 /* FactoryDPApp.swift */ = {isa = PBXFileReference; lastKnownFileType = sourcecode.swift; path = FactoryDPApp.swift; sourceTree = "<group>"; };
		A106B42929C9DB9900DE74D8 /* ContentView.swift */ = {isa = PBXFileReference; lastKnownFileType = sourcecode.swift; path = ContentView.swift; sourceTree = "<group>"; };
		A106B42B29C9DB9A00DE74D8 /* Assets.xcassets */ = {isa = PBXFileReference; lastKnownFileType = folder.assetcatalog; path = Assets.xcassets; sourceTree = "<group>"; };
		A106B42E29C9DB9A00DE74D8 /* Preview Assets.xcassets */ = {isa = PBXFileReference; lastKnownFileType = folder.assetcatalog; path = "Preview Assets.xcassets"; sourceTree = "<group>"; };
		A106B43529C9DC7300DE74D8 /* Protocol.swift */ = {isa = PBXFileReference; lastKnownFileType = sourcecode.swift; path = Protocol.swift; sourceTree = "<group>"; };
		A106B43729C9DC9300DE74D8 /* Book.swift */ = {isa = PBXFileReference; lastKnownFileType = sourcecode.swift; path = Book.swift; sourceTree = "<group>"; };
		A106B43929C9DCA300DE74D8 /* Clothing.swift */ = {isa = PBXFileReference; lastKnownFileType = sourcecode.swift; path = Clothing.swift; sourceTree = "<group>"; };
		A106B43B29C9DCAC00DE74D8 /* Electronics.swift */ = {isa = PBXFileReference; lastKnownFileType = sourcecode.swift; path = Electronics.swift; sourceTree = "<group>"; };
		A106B43D29C9DCDE00DE74D8 /* ProductFactory.swift */ = {isa = PBXFileReference; lastKnownFileType = sourcecode.swift; path = ProductFactory.swift; sourceTree = "<group>"; };
		A106B43F29C9DD0800DE74D8 /* enum.swift */ = {isa = PBXFileReference; lastKnownFileType = sourcecode.swift; path = enum.swift; sourceTree = "<group>"; };
		A106B44729C9DF9100DE74D8 /* ReadMe.md */ = {isa = PBXFileReference; lastKnownFileType = net.daringfireball.markdown; path = ReadMe.md; sourceTree = "<group>"; };
/* End PBXFileReference section */

/* Begin PBXFrameworksBuildPhase section */
		A106B42129C9DB9900DE74D8 /* Frameworks */ = {
			isa = PBXFrameworksBuildPhase;
			buildActionMask = 2147483647;
			files = (
			);
			runOnlyForDeploymentPostprocessing = 0;
		};
/* End PBXFrameworksBuildPhase section */

/* Begin PBXGroup section */
		A106B41B29C9DB9900DE74D8 = {
			isa = PBXGroup;
			children = (
				A106B44729C9DF9100DE74D8 /* ReadMe.md */,
				A106B42629C9DB9900DE74D8 /* FactoryDP */,
				A106B42529C9DB9900DE74D8 /* Products */,
			);
			sourceTree = "<group>";
		};
		A106B42529C9DB9900DE74D8 /* Products */ = {
			isa = PBXGroup;
			children = (
				A106B42429C9DB9900DE74D8 /* FactoryDP.app */,
			);
			name = Products;
			sourceTree = "<group>";
		};
		A106B42629C9DB9900DE74D8 /* FactoryDP */ = {
			isa = PBXGroup;
			children = (
				A106B44429C9DF5600DE74D8 /* Enums */,
				A106B44329C9DF4B00DE74D8 /* FactoryClass */,
				A106B44229C9DF3B00DE74D8 /* Protocol */,
				A106B44129C9DF2F00DE74D8 /* Classes */,
				A106B42729C9DB9900DE74D8 /* FactoryDPApp.swift */,
				A106B42929C9DB9900DE74D8 /* ContentView.swift */,
				A106B42B29C9DB9A00DE74D8 /* Assets.xcassets */,
				A106B42D29C9DB9A00DE74D8 /* Preview Content */,
			);
			path = FactoryDP;
			sourceTree = "<group>";
		};
		A106B42D29C9DB9A00DE74D8 /* Preview Content */ = {
			isa = PBXGroup;
			children = (
				A106B42E29C9DB9A00DE74D8 /* Preview Assets.xcassets */,
			);
			path = "Preview Content";
			sourceTree = "<group>";
		};
		A106B44129C9DF2F00DE74D8 /* Classes */ = {
			isa = PBXGroup;
			children = (
				A106B43729C9DC9300DE74D8 /* Book.swift */,
				A106B43929C9DCA300DE74D8 /* Clothing.swift */,
				A106B43B29C9DCAC00DE74D8 /* Electronics.swift */,
			);
			path = Classes;
			sourceTree = "<group>";
		};
		A106B44229C9DF3B00DE74D8 /* Protocol */ = {
			isa = PBXGroup;
			children = (
				A106B43529C9DC7300DE74D8 /* Protocol.swift */,
			);
			path = Protocol;
			sourceTree = "<group>";
		};
		A106B44329C9DF4B00DE74D8 /* FactoryClass */ = {
			isa = PBXGroup;
			children = (
				A106B43D29C9DCDE00DE74D8 /* ProductFactory.swift */,
			);
			path = FactoryClass;
			sourceTree = "<group>";
		};
		A106B44429C9DF5600DE74D8 /* Enums */ = {
			isa = PBXGroup;
			children = (
				A106B43F29C9DD0800DE74D8 /* enum.swift */,
			);
			path = Enums;
			sourceTree = "<group>";
		};
/* End PBXGroup section */

/* Begin PBXNativeTarget section */
		A106B42329C9DB9900DE74D8 /* FactoryDP */ = {
			isa = PBXNativeTarget;
			buildConfigurationList = A106B43229C9DB9A00DE74D8 /* Build configuration list for PBXNativeTarget "FactoryDP" */;
			buildPhases = (
				A106B42029C9DB9900DE74D8 /* Sources */,
				A106B42129C9DB9900DE74D8 /* Frameworks */,
				A106B42229C9DB9900DE74D8 /* Resources */,
			);
			buildRules = (
			);
			dependencies = (
			);
			name = FactoryDP;
			productName = FactoryDP;
			productReference = A106B42429C9DB9900DE74D8 /* FactoryDP.app */;
			productType = "com.apple.product-type.application";
		};
/* End PBXNativeTarget section */

/* Begin PBXProject section */
		A106B41C29C9DB9900DE74D8 /* Project object */ = {
			isa = PBXProject;
			attributes = {
				BuildIndependentTargetsInParallel = 1;
				LastSwiftUpdateCheck = 1420;
				LastUpgradeCheck = 1420;
				TargetAttributes = {
					A106B42329C9DB9900DE74D8 = {
						CreatedOnToolsVersion = 14.2;
					};
				};
			};
			buildConfigurationList = A106B41F29C9DB9900DE74D8 /* Build configuration list for PBXProject "FactoryDP" */;
			compatibilityVersion = "Xcode 14.0";
			developmentRegion = en;
			hasScannedForEncodings = 0;
			knownRegions = (
				en,
				Base,
			);
			mainGroup = A106B41B29C9DB9900DE74D8;
			productRefGroup = A106B42529C9DB9900DE74D8 /* Products */;
			projectDirPath = "";
			projectRoot = "";
			targets = (
				A106B42329C9DB9900DE74D8 /* FactoryDP */,
			);
		};
/* End PBXProject section */

/* Begin PBXResourcesBuildPhase section */
		A106B42229C9DB9900DE74D8 /* Resources */ = {
			isa = PBXResourcesBuildPhase;
			buildActionMask = 2147483647;
			files = (
				A106B42F29C9DB9A00DE74D8 /* Preview Assets.xcassets in Resources */,
				A106B42C29C9DB9A00DE74D8 /* Assets.xcassets in Resources */,
			);
			runOnlyForDeploymentPostprocessing = 0;
		};
/* End PBXResourcesBuildPhase section */

/* Begin PBXSourcesBuildPhase section */
		A106B42029C9DB9900DE74D8 /* Sources */ = {
			isa = PBXSourcesBuildPhase;
			buildActionMask = 2147483647;
			files = (
				A106B43829C9DC9300DE74D8 /* Book.swift in Sources */,
				A106B43E29C9DCDE00DE74D8 /* ProductFactory.swift in Sources */,
				A106B44029C9DD0800DE74D8 /* enum.swift in Sources */,
				A106B43C29C9DCAC00DE74D8 /* Electronics.swift in Sources */,
				A106B42A29C9DB9900DE74D8 /* ContentView.swift in Sources */,
				A106B43A29C9DCA300DE74D8 /* Clothing.swift in Sources */,
				A106B42829C9DB9900DE74D8 /* FactoryDPApp.swift in Sources */,
				A106B43629C9DC7300DE74D8 /* Protocol.swift in Sources */,
			);
			runOnlyForDeploymentPostprocessing = 0;
		};
/* End PBXSourcesBuildPhase section */

/* Begin XCBuildConfiguration section */
		A106B43029C9DB9A00DE74D8 /* Debug */ = {
			isa = XCBuildConfiguration;
			buildSettings = {
				ALWAYS_SEARCH_USER_PATHS = NO;
				CLANG_ANALYZER_NONNULL = YES;
				CLANG_ANALYZER_NUMBER_OBJECT_CONVERSION = YES_AGGRESSIVE;
				CLANG_CXX_LANGUAGE_STANDARD = "gnu++20";
				CLANG_ENABLE_MODULES = YES;
				CLANG_ENABLE_OBJC_ARC = YES;
				CLANG_ENABLE_OBJC_WEAK = YES;
				CLANG_WARN_BLOCK_CAPTURE_AUTORELEASING = YES;
				CLANG_WARN_BOOL_CONVERSION = YES;
				CLANG_WARN_COMMA = YES;
				CLANG_WARN_CONSTANT_CONVERSION = YES;
				CLANG_WARN_DEPRECATED_OBJC_IMPLEMENTATIONS = YES;
				CLANG_WARN_DIRECT_OBJC_ISA_USAGE = YES_ERROR;
				CLANG_WARN_DOCUMENTATION_COMMENTS = YES;
				CLANG_WARN_EMPTY_BODY = YES;
				CLANG_WARN_ENUM_CONVERSION = YES;
				CLANG_WARN_INFINITE_RECURSION = YES;
				CLANG_WARN_INT_CONVERSION = YES;
				CLANG_WARN_NON_LITERAL_NULL_CONVERSION = YES;
				CLANG_WARN_OBJC_IMPLICIT_RETAIN_SELF = YES;
				CLANG_WARN_OBJC_LITERAL_CONVERSION = YES;
				CLANG_WARN_OBJC_ROOT_CLASS = YES_ERROR;
				CLANG_WARN_QUOTED_INCLUDE_IN_FRAMEWORK_HEADER = YES;
				CLANG_WARN_RANGE_LOOP_ANALYSIS = YES;
				CLANG_WARN_STRICT_PROTOTYPES = YES;
				CLANG_WARN_SUSPICIOUS_MOVE = YES;
				CLANG_WARN_UNGUARDED_AVAILABILITY = YES_AGGRESSIVE;
				CLANG_WARN_UNREACHABLE_CODE = YES;
				CLANG_WARN__DUPLICATE_METHOD_MATCH = YES;
				COPY_PHASE_STRIP = NO;
				DEBUG_INFORMATION_FORMAT = dwarf;
				ENABLE_STRICT_OBJC_MSGSEND = YES;
				ENABLE_TESTABILITY = YES;
				GCC_C_LANGUAGE_STANDARD = gnu11;
				GCC_DYNAMIC_NO_PIC = NO;
				GCC_NO_COMMON_BLOCKS = YES;
				GCC_OPTIMIZATION_LEVEL = 0;
				GCC_PREPROCESSOR_DEFINITIONS = (
					"DEBUG=1",
					"$(inherited)",
				);
				GCC_WARN_64_TO_32_BIT_CONVERSION = YES;
				GCC_WARN_ABOUT_RETURN_TYPE = YES_ERROR;
				GCC_WARN_UNDECLARED_SELECTOR = YES;
				GCC_WARN_UNINITIALIZED_AUTOS = YES_AGGRESSIVE;
				GCC_WARN_UNUSED_FUNCTION = YES;
				GCC_WARN_UNUSED_VARIABLE = YES;
				IPHONEOS_DEPLOYMENT_TARGET = 16.2;
				MTL_ENABLE_DEBUG_INFO = INCLUDE_SOURCE;
				MTL_FAST_MATH = YES;
				ONLY_ACTIVE_ARCH = YES;
				SDKROOT = iphoneos;
				SWIFT_ACTIVE_COMPILATION_CONDITIONS = DEBUG;
				SWIFT_OPTIMIZATION_LEVEL = "-Onone";
			};
			name = Debug;
		};
		A106B43129C9DB9A00DE74D8 /* Release */ = {
			isa = XCBuildConfiguration;
			buildSettings = {
				ALWAYS_SEARCH_USER_PATHS = NO;
				CLANG_ANALYZER_NONNULL = YES;
				CLANG_ANALYZER_NUMBER_OBJECT_CONVERSION = YES_AGGRESSIVE;
				CLANG_CXX_LANGUAGE_STANDARD = "gnu++20";
				CLANG_ENABLE_MODULES = YES;
				CLANG_ENABLE_OBJC_ARC = YES;
				CLANG_ENABLE_OBJC_WEAK = YES;
				CLANG_WARN_BLOCK_CAPTURE_AUTORELEASING = YES;
				CLANG_WARN_BOOL_CONVERSION = YES;
				CLANG_WARN_COMMA = YES;
				CLANG_WARN_CONSTANT_CONVERSION = YES;
				CLANG_WARN_DEPRECATED_OBJC_IMPLEMENTATIONS = YES;
				CLANG_WARN_DIRECT_OBJC_ISA_USAGE = YES_ERROR;
				CLANG_WARN_DOCUMENTATION_COMMENTS = YES;
				CLANG_WARN_EMPTY_BODY = YES;
				CLANG_WARN_ENUM_CONVERSION = YES;
				CLANG_WARN_INFINITE_RECURSION = YES;
				CLANG_WARN_INT_CONVERSION = YES;
				CLANG_WARN_NON_LITERAL_NULL_CONVERSION = YES;
				CLANG_WARN_OBJC_IMPLICIT_RETAIN_SELF = YES;
				CLANG_WARN_OBJC_LITERAL_CONVERSION = YES;
				CLANG_WARN_OBJC_ROOT_CLASS = YES_ERROR;
				CLANG_WARN_QUOTED_INCLUDE_IN_FRAMEWORK_HEADER = YES;
				CLANG_WARN_RANGE_LOOP_ANALYSIS = YES;
				CLANG_WARN_STRICT_PROTOTYPES = YES;
				CLANG_WARN_SUSPICIOUS_MOVE = YES;
				CLANG_WARN_UNGUARDED_AVAILABILITY = YES_AGGRESSIVE;
				CLANG_WARN_UNREACHABLE_CODE = YES;
				CLANG_WARN__DUPLICATE_METHOD_MATCH = YES;
				COPY_PHASE_STRIP = NO;
				DEBUG_INFORMATION_FORMAT = "dwarf-with-dsym";
				ENABLE_NS_ASSERTIONS = NO;
				ENABLE_STRICT_OBJC_MSGSEND = YES;
				GCC_C_LANGUAGE_STANDARD = gnu11;
				GCC_NO_COMMON_BLOCKS = YES;
				GCC_WARN_64_TO_32_BIT_CONVERSION = YES;
				GCC_WARN_ABOUT_RETURN_TYPE = YES_ERROR;
				GCC_WARN_UNDECLARED_SELECTOR = YES;
				GCC_WARN_UNINITIALIZED_AUTOS = YES_AGGRESSIVE;
				GCC_WARN_UNUSED_FUNCTION = YES;
				GCC_WARN_UNUSED_VARIABLE = YES;
				IPHONEOS_DEPLOYMENT_TARGET = 16.2;
				MTL_ENABLE_DEBUG_INFO = NO;
				MTL_FAST_MATH = YES;
				SDKROOT = iphoneos;
				SWIFT_COMPILATION_MODE = wholemodule;
				SWIFT_OPTIMIZATION_LEVEL = "-O";
				VALIDATE_PRODUCT = YES;
			};
			name = Release;
		};
		A106B43329C9DB9A00DE74D8 /* Debug */ = {
			isa = XCBuildConfiguration;
			buildSettings = {
				ASSETCATALOG_COMPILER_APPICON_NAME = AppIcon;
				ASSETCATALOG_COMPILER_GLOBAL_ACCENT_COLOR_NAME = AccentColor;
				CODE_SIGN_STYLE = Automatic;
				CURRENT_PROJECT_VERSION = 1;
				DEVELOPMENT_ASSET_PATHS = "\"FactoryDP/Preview Content\"";
				DEVELOPMENT_TEAM = VUVH7VSMAF;
				ENABLE_PREVIEWS = YES;
				GENERATE_INFOPLIST_FILE = YES;
				INFOPLIST_KEY_UIApplicationSceneManifest_Generation = YES;
				INFOPLIST_KEY_UIApplicationSupportsIndirectInputEvents = YES;
				INFOPLIST_KEY_UILaunchScreen_Generation = YES;
				INFOPLIST_KEY_UISupportedInterfaceOrientations_iPad = "UIInterfaceOrientationPortrait UIInterfaceOrientationPortraitUpsideDown UIInterfaceOrientationLandscapeLeft UIInterfaceOrientationLandscapeRight";
				INFOPLIST_KEY_UISupportedInterfaceOrientations_iPhone = "UIInterfaceOrientationPortrait UIInterfaceOrientationLandscapeLeft UIInterfaceOrientationLandscapeRight";
				LD_RUNPATH_SEARCH_PATHS = (
					"$(inherited)",
					"@executable_path/Frameworks",
				);
				MARKETING_VERSION = 1.0;
				PRODUCT_BUNDLE_IDENTIFIER = com.vinayThapa.FactoryDP;
				PRODUCT_NAME = "$(TARGET_NAME)";
				SWIFT_EMIT_LOC_STRINGS = YES;
				SWIFT_VERSION = 5.0;
				TARGETED_DEVICE_FAMILY = "1,2";
			};
			name = Debug;
		};
		A106B43429C9DB9A00DE74D8 /* Release */ = {
			isa = XCBuildConfiguration;
			buildSettings = {
				ASSETCATALOG_COMPILER_APPICON_NAME = AppIcon;
				ASSETCATALOG_COMPILER_GLOBAL_ACCENT_COLOR_NAME = AccentColor;
				CODE_SIGN_STYLE = Automatic;
				CURRENT_PROJECT_VERSION = 1;
				DEVELOPMENT_ASSET_PATHS = "\"FactoryDP/Preview Content\"";
				DEVELOPMENT_TEAM = VUVH7VSMAF;
				ENABLE_PREVIEWS = YES;
				GENERATE_INFOPLIST_FILE = YES;
				INFOPLIST_KEY_UIApplicationSceneManifest_Generation = YES;
				INFOPLIST_KEY_UIApplicationSupportsIndirectInputEvents = YES;
				INFOPLIST_KEY_UILaunchScreen_Generation = YES;
				INFOPLIST_KEY_UISupportedInterfaceOrientations_iPad = "UIInterfaceOrientationPortrait UIInterfaceOrientationPortraitUpsideDown UIInterfaceOrientationLandscapeLeft UIInterfaceOrientationLandscapeRight";
				INFOPLIST_KEY_UISupportedInterfaceOrientations_iPhone = "UIInterfaceOrientationPortrait UIInterfaceOrientationLandscapeLeft UIInterfaceOrientationLandscapeRight";
				LD_RUNPATH_SEARCH_PATHS = (
					"$(inherited)",
					"@executable_path/Frameworks",
				);
				MARKETING_VERSION = 1.0;
				PRODUCT_BUNDLE_IDENTIFIER = com.vinayThapa.FactoryDP;
				PRODUCT_NAME = "$(TARGET_NAME)";
				SWIFT_EMIT_LOC_STRINGS = YES;
				SWIFT_VERSION = 5.0;
				TARGETED_DEVICE_FAMILY = "1,2";
			};
			name = Release;
		};
/* End XCBuildConfiguration section */

/* Begin XCConfigurationList section */
		A106B41F29C9DB9900DE74D8 /* Build configuration list for PBXProject "FactoryDP" */ = {
			isa = XCConfigurationList;
			buildConfigurations = (
				A106B43029C9DB9A00DE74D8 /* Debug */,
				A106B43129C9DB9A00DE74D8 /* Release */,
			);
			defaultConfigurationIsVisible = 0;
			defaultConfigurationName = Release;
		};
		A106B43229C9DB9A00DE74D8 /* Build configuration list for PBXNativeTarget "FactoryDP" */ = {
			isa = XCConfigurationList;
			buildConfigurations = (
				A106B43329C9DB9A00DE74D8 /* Debug */,
				A106B43429C9DB9A00DE74D8 /* Release */,
			);
			defaultConfigurationIsVisible = 0;
			defaultConfigurationName = Release;
		};
/* End XCConfigurationList section */
	};
	rootObject = A106B41C29C9DB9900DE74D8 /* Project object */;
}
